// !$*UTF8*$!
{
	archiveVersion = 1;
	classes = {
	};
	objectVersion = 46;
	objects = {

/* Begin PBXBuildFile section */
		D3ADC6BE1C7C625100F43838 /* main.m in Sources */ = {isa = PBXBuildFile; fileRef = D3ADC6BD1C7C625100F43838 /* main.m */; };
		D3ADC6C11C7C625100F43838 /* AppDelegate.m in Sources */ = {isa = PBXBuildFile; fileRef = D3ADC6C01C7C625100F43838 /* AppDelegate.m */; };
		D3ADC6C41C7C625100F43838 /* ViewController.m in Sources */ = {isa = PBXBuildFile; fileRef = D3ADC6C31C7C625100F43838 /* ViewController.m */; };
		D3ADC6C71C7C625100F43838 /* Main.storyboard in Resources */ = {isa = PBXBuildFile; fileRef = D3ADC6C51C7C625100F43838 /* Main.storyboard */; };
		D3ADC6C91C7C625100F43838 /* Assets.xcassets in Resources */ = {isa = PBXBuildFile; fileRef = D3ADC6C81C7C625100F43838 /* Assets.xcassets */; };
		D3ADC6CC1C7C625100F43838 /* LaunchScreen.storyboard in Resources */ = {isa = PBXBuildFile; fileRef = D3ADC6CA1C7C625100F43838 /* LaunchScreen.storyboard */; };
		D3C3F9DD1C7D55D6003AE303 /* UIView+YSYCategory.m in Sources */ = {isa = PBXBuildFile; fileRef = D3C3F9DA1C7D55D6003AE303 /* UIView+YSYCategory.m */; };
		D3C3F9DE1C7D55D6003AE303 /* YSYRefreshKit.m in Sources */ = {isa = PBXBuildFile; fileRef = D3C3F9DC1C7D55D6003AE303 /* YSYRefreshKit.m */; };
/* End PBXBuildFile section */

/* Begin PBXFileReference section */
		D3ADC6B91C7C625100F43838 /* YSYRefreshKitDemo.app */ = {isa = PBXFileReference; explicitFileType = wrapper.application; includeInIndex = 0; path = YSYRefreshKitDemo.app; sourceTree = BUILT_PRODUCTS_DIR; };
		D3ADC6BD1C7C625100F43838 /* main.m */ = {isa = PBXFileReference; lastKnownFileType = sourcecode.c.objc; path = main.m; sourceTree = "<group>"; };
		D3ADC6BF1C7C625100F43838 /* AppDelegate.h */ = {isa = PBXFileReference; lastKnownFileType = sourcecode.c.h; path = AppDelegate.h; sourceTree = "<group>"; };
		D3ADC6C01C7C625100F43838 /* AppDelegate.m */ = {isa = PBXFileReference; lastKnownFileType = sourcecode.c.objc; path = AppDelegate.m; sourceTree = "<group>"; };
		D3ADC6C21C7C625100F43838 /* ViewController.h */ = {isa = PBXFileReference; lastKnownFileType = sourcecode.c.h; path = ViewController.h; sourceTree = "<group>"; };
		D3ADC6C31C7C625100F43838 /* ViewController.m */ = {isa = PBXFileReference; lastKnownFileType = sourcecode.c.objc; path = ViewController.m; sourceTree = "<group>"; };
		D3ADC6C61C7C625100F43838 /* Base */ = {isa = PBXFileReference; lastKnownFileType = file.storyboard; name = Base; path = Base.lproj/Main.storyboard; sourceTree = "<group>"; };
		D3ADC6C81C7C625100F43838 /* Assets.xcassets */ = {isa = PBXFileReference; lastKnownFileType = folder.assetcatalog; path = Assets.xcassets; sourceTree = "<group>"; };
		D3ADC6CB1C7C625100F43838 /* Base */ = {isa = PBXFileReference; lastKnownFileType = file.storyboard; name = Base; path = Base.lproj/LaunchScreen.storyboard; sourceTree = "<group>"; };
		D3ADC6CD1C7C625100F43838 /* Info.plist */ = {isa = PBXFileReference; lastKnownFileType = text.plist.xml; path = Info.plist; sourceTree = "<group>"; };
		D3C3F9D91C7D55D6003AE303 /* UIView+YSYCategory.h */ = {isa = PBXFileReference; fileEncoding = 4; lastKnownFileType = sourcecode.c.h; path = "UIView+YSYCategory.h"; sourceTree = "<group>"; };
		D3C3F9DA1C7D55D6003AE303 /* UIView+YSYCategory.m */ = {isa = PBXFileReference; fileEncoding = 4; lastKnownFileType = sourcecode.c.objc; path = "UIView+YSYCategory.m"; sourceTree = "<group>"; };
		D3C3F9DB1C7D55D6003AE303 /* YSYRefreshKit.h */ = {isa = PBXFileReference; fileEncoding = 4; lastKnownFileType = sourcecode.c.h; path = YSYRefreshKit.h; sourceTree = "<group>"; };
		D3C3F9DC1C7D55D6003AE303 /* YSYRefreshKit.m */ = {isa = PBXFileReference; fileEncoding = 4; lastKnownFileType = sourcecode.c.objc; path = YSYRefreshKit.m; sourceTree = "<group>"; };
/* End PBXFileReference section */

/* Begin PBXFrameworksBuildPhase section */
		D3ADC6B61C7C625100F43838 /* Frameworks */ = {
			isa = PBXFrameworksBuildPhase;
			buildActionMask = 2147483647;
			files = (
			);
			runOnlyForDeploymentPostprocessing = 0;
		};
/* End PBXFrameworksBuildPhase section */

/* Begin PBXGroup section */
		D3ADC6B01C7C625100F43838 = {
			isa = PBXGroup;
			children = (
				D3C3F9D81C7D55D6003AE303 /* YSYRefreshKit */,
				D3ADC6BB1C7C625100F43838 /* YSYRefreshKitDemo */,
				D3ADC6BA1C7C625100F43838 /* Products */,
			);
			sourceTree = "<group>";
		};
		D3ADC6BA1C7C625100F43838 /* Products */ = {
			isa = PBXGroup;
			children = (
				D3ADC6B91C7C625100F43838 /* YSYRefreshKitDemo.app */,
			);
			name = Products;
			sourceTree = "<group>";
		};
		D3ADC6BB1C7C625100F43838 /* YSYRefreshKitDemo */ = {
			isa = PBXGroup;
			children = (
				D3ADC6BF1C7C625100F43838 /* AppDelegate.h */,
				D3ADC6C01C7C625100F43838 /* AppDelegate.m */,
				D3ADC6C21C7C625100F43838 /* ViewController.h */,
				D3ADC6C31C7C625100F43838 /* ViewController.m */,
				D3ADC6C51C7C625100F43838 /* Main.storyboard */,
				D3ADC6C81C7C625100F43838 /* Assets.xcassets */,
				D3ADC6CA1C7C625100F43838 /* LaunchScreen.storyboard */,
				D3ADC6CD1C7C625100F43838 /* Info.plist */,
				D3ADC6BC1C7C625100F43838 /* Supporting Files */,
			);
			path = YSYRefreshKitDemo;
			sourceTree = "<group>";
		};
		D3ADC6BC1C7C625100F43838 /* Supporting Files */ = {
			isa = PBXGroup;
			children = (
				D3ADC6BD1C7C625100F43838 /* main.m */,
			);
			name = "Supporting Files";
			sourceTree = "<group>";
		};
		D3C3F9D81C7D55D6003AE303 /* YSYRefreshKit */ = {
			isa = PBXGroup;
			children = (
				D3C3F9D91C7D55D6003AE303 /* UIView+YSYCategory.h */,
				D3C3F9DA1C7D55D6003AE303 /* UIView+YSYCategory.m */,
				D3C3F9DB1C7D55D6003AE303 /* YSYRefreshKit.h */,
				D3C3F9DC1C7D55D6003AE303 /* YSYRefreshKit.m */,
			);
			path = YSYRefreshKit;
			sourceTree = "<group>";
		};
/* End PBXGroup section */

/* Begin PBXNativeTarget section */
		D3ADC6B81C7C625100F43838 /* YSYRefreshKitDemo */ = {
			isa = PBXNativeTarget;
			buildConfigurationList = D3ADC6D01C7C625100F43838 /* Build configuration list for PBXNativeTarget "YSYRefreshKitDemo" */;
			buildPhases = (
				D3ADC6B51C7C625100F43838 /* Sources */,
				D3ADC6B61C7C625100F43838 /* Frameworks */,
				D3ADC6B71C7C625100F43838 /* Resources */,
			);
			buildRules = (
			);
			dependencies = (
			);
			name = YSYRefreshKitDemo;
			productName = YSYRefreshKitDemo;
			productReference = D3ADC6B91C7C625100F43838 /* YSYRefreshKitDemo.app */;
			productType = "com.apple.product-type.application";
		};
/* End PBXNativeTarget section */

/* Begin PBXProject section */
		D3ADC6B11C7C625100F43838 /* Project object */ = {
			isa = PBXProject;
			attributes = {
				LastUpgradeCheck = 0720;
				ORGANIZATIONNAME = yushengyang;
				TargetAttributes = {
					D3ADC6B81C7C625100F43838 = {
						CreatedOnToolsVersion = 7.2.1;
					};
				};
			};
			buildConfigurationList = D3ADC6B41C7C625100F43838 /* Build configuration list for PBXProject "YSYRefreshKitDemo" */;
			compatibilityVersion = "Xcode 3.2";
			developmentRegion = English;
			hasScannedForEncodings = 0;
			knownRegions = (
				en,
				Base,
			);
			mainGroup = D3ADC6B01C7C625100F43838;
			productRefGroup = D3ADC6BA1C7C625100F43838 /* Products */;
			projectDirPath = "";
			projectRoot = "";
			targets = (
				D3ADC6B81C7C625100F43838 /* YSYRefreshKitDemo */,
			);
		};
/* End PBXProject section */

/* Begin PBXResourcesBuildPhase section */
		D3ADC6B71C7C625100F43838 /* Resources */ = {
			isa = PBXResourcesBuildPhase;
			buildActionMask = 2147483647;
			files = (
				D3ADC6CC1C7C625100F43838 /* LaunchScreen.storyboard in Resources */,
				D3ADC6C91C7C625100F43838 /* Assets.xcassets in Resources */,
				D3ADC6C71C7C625100F43838 /* Main.storyboard in Resources */,
			);
			runOnlyForDeploymentPostprocessing = 0;
		};
/* End PBXResourcesBuildPhase section */

/* Begin PBXSourcesBuildPhase section */
		D3ADC6B51C7C625100F43838 /* Sources */ = {
			isa = PBXSourcesBuildPhase;
			buildActionMask = 2147483647;
			files = (
				D3ADC6C41C7C625100F43838 /* ViewController.m in Sources */,
				D3ADC6C11C7C625100F43838 /* AppDelegate.m in Sources */,
				D3C3F9DD1C7D55D6003AE303 /* UIView+YSYCategory.m in Sources */,
				D3C3F9DE1C7D55D6003AE303 /* YSYRefreshKit.m in Sources */,
				D3ADC6BE1C7C625100F43838 /* main.m in Sources */,
			);
			runOnlyForDeploymentPostprocessing = 0;
		};
/* End PBXSourcesBuildPhase section */

/* Begin PBXVariantGroup section */
		D3ADC6C51C7C625100F43838 /* Main.storyboard */ = {
			isa = PBXVariantGroup;
			children = (
				D3ADC6C61C7C625100F43838 /* Base */,
			);
			name = Main.storyboard;
			sourceTree = "<group>";
		};
		D3ADC6CA1C7C625100F43838 /* LaunchScreen.storyboard */ = {
			isa = PBXVariantGroup;
			children = (
				D3ADC6CB1C7C625100F43838 /* Base */,
			);
			name = LaunchScreen.storyboard;
			sourceTree = "<group>";
		};
/* End PBXVariantGroup section */

/* Begin XCBuildConfiguration section */
		D3ADC6CE1C7C625100F43838 /* Debug */ = {
			isa = XCBuildConfiguration;
			buildSettings = {
				ALWAYS_SEARCH_USER_PATHS = NO;
				CLANG_CXX_LANGUAGE_STANDARD = "gnu++0x";
				CLANG_CXX_LIBRARY = "libc++";
				CLANG_ENABLE_MODULES = YES;
				CLANG_ENABLE_OBJC_ARC = YES;
				CLANG_WARN_BOOL_CONVERSION = YES;
				CLANG_WARN_CONSTANT_CONVERSION = YES;
				CLANG_WARN_DIRECT_OBJC_ISA_USAGE = YES_ERROR;
				CLANG_WARN_EMPTY_BODY = YES;
				CLANG_WARN_ENUM_CONVERSION = YES;
				CLANG_WARN_INT_CONVERSION = YES;
				CLANG_WARN_OBJC_ROOT_CLASS = YES_ERROR;
				CLANG_WARN_UNREACHABLE_CODE = YES;
				CLANG_WARN__DUPLICATE_METHOD_MATCH = YES;
				"CODE_SIGN_IDENTITY[sdk=iphoneos*]" = "iPhone Developer";
				COPY_PHASE_STRIP = NO;
				DEBUG_INFORMATION_FORMAT = dwarf;
				ENABLE_STRICT_OBJC_MSGSEND = YES;
				ENABLE_TESTABILITY = YES;
				GCC_C_LANGUAGE_STANDARD = gnu99;
				GCC_DYNAMIC_NO_PIC = NO;
				GCC_NO_COMMON_BLOCKS = YES;
				GCC_OPTIMIZATION_LEVEL = 0;
				GCC_PREPROCESSOR_DEFINITIONS = (
					"DEBUG=1",
					"$(inherited)",
				);
				GCC_WARN_64_TO_32_BIT_CONVERSION = YES;
				GCC_WARN_ABOUT_RETURN_TYPE = YES_ERROR;
				GCC_WARN_UNDECLARED_SELECTOR = YES;
				GCC_WARN_UNINITIALIZED_AUTOS = YES_AGGRESSIVE;
				GCC_WARN_UNUSED_FUNCTION = YES;
				GCC_WARN_UNUSED_VARIABLE = YES;
				IPHONEOS_DEPLOYMENT_TARGET = 9.2;
				MTL_ENABLE_DEBUG_INFO = YES;
				ONLY_ACTIVE_ARCH = YES;
				SDKROOT = iphoneos;
			};
			name = Debug;
		};
		D3ADC6CF1C7C625100F43838 /* Release */ = {
			isa = XCBuildConfiguration;
			buildSettings = {
				ALWAYS_SEARCH_USER_PATHS = NO;
				CLANG_CXX_LANGUAGE_STANDARD = "gnu++0x";
				CLANG_CXX_LIBRARY = "libc++";
				CLANG_ENABLE_MODULES = YES;
				CLANG_ENABLE_OBJC_ARC = YES;
				CLANG_WARN_BOOL_CONVERSION = YES;
				CLANG_WARN_CONSTANT_CONVERSION = YES;
				CLANG_WARN_DIRECT_OBJC_ISA_USAGE = YES_ERROR;
				CLANG_WARN_EMPTY_BODY = YES;
				CLANG_WARN_ENUM_CONVERSION = YES;
				CLANG_WARN_INT_CONVERSION = YES;
				CLANG_WARN_OBJC_ROOT_CLASS = YES_ERROR;
				CLANG_WARN_UNREACHABLE_CODE = YES;
				CLANG_WARN__DUPLICATE_METHOD_MATCH = YES;
				"CODE_SIGN_IDENTITY[sdk=iphoneos*]" = "iPhone Developer";
				COPY_PHASE_STRIP = NO;
				DEBUG_INFORMATION_FORMAT = "dwarf-with-dsym";
				ENABLE_NS_ASSERTIONS = NO;
				ENABLE_STRICT_OBJC_MSGSEND = YES;
				GCC_C_LANGUAGE_STANDARD = gnu99;
				GCC_NO_COMMON_BLOCKS = YES;
				GCC_WARN_64_TO_32_BIT_CONVERSION = YES;
				GCC_WARN_ABOUT_RETURN_TYPE = YES_ERROR;
				GCC_WARN_UNDECLARED_SELECTOR = YES;
				GCC_WARN_UNINITIALIZED_AUTOS = YES_AGGRESSIVE;
				GCC_WARN_UNUSED_FUNCTION = YES;
				GCC_WARN_UNUSED_VARIABLE = YES;
				IPHONEOS_DEPLOYMENT_TARGET = 9.2;
				MTL_ENABLE_DEBUG_INFO = NO;
				SDKROOT = iphoneos;
				VALIDATE_PRODUCT = YES;
			};
			name = Release;
		};
		D3ADC6D11C7C625100F43838 /* Debug */ = {
			isa = XCBuildConfiguration;
			buildSettings = {
				ASSETCATALOG_COMPILER_APPICON_NAME = AppIcon;
				INFOPLIST_FILE = YSYRefreshKitDemo/Info.plist;
				LD_RUNPATH_SEARCH_PATHS = "$(inherited) @executable_path/Frameworks";
				PRODUCT_BUNDLE_IDENTIFIER = com.ule.YSYRefreshKitDemo;
				PRODUCT_NAME = "$(TARGET_NAME)";
			};
			name = Debug;
		};
		D3ADC6D21C7C625100F43838 /* Release */ = {
			isa = XCBuildConfiguration;
			buildSettings = {
				ASSETCATALOG_COMPILER_APPICON_NAME = AppIcon;
				INFOPLIST_FILE = YSYRefreshKitDemo/Info.plist;
				LD_RUNPATH_SEARCH_PATHS = "$(inherited) @executable_path/Frameworks";
				PRODUCT_BUNDLE_IDENTIFIER = com.ule.YSYRefreshKitDemo;
				PRODUCT_NAME = "$(TARGET_NAME)";
			};
			name = Release;
		};
/* End XCBuildConfiguration section */

/* Begin XCConfigurationList section */
		D3ADC6B41C7C625100F43838 /* Build configuration list for PBXProject "YSYRefreshKitDemo" */ = {
			isa = XCConfigurationList;
			buildConfigurations = (
				D3ADC6CE1C7C625100F43838 /* Debug */,
				D3ADC6CF1C7C625100F43838 /* Release */,
			);
			defaultConfigurationIsVisible = 0;
			defaultConfigurationName = Release;
		};
		D3ADC6D01C7C625100F43838 /* Build configuration list for PBXNativeTarget "YSYRefreshKitDemo" */ = {
			isa = XCConfigurationList;
			buildConfigurations = (
				D3ADC6D11C7C625100F43838 /* Debug */,
				D3ADC6D21C7C625100F43838 /* Release */,
			);
			defaultConfigurationIsVisible = 0;
			defaultConfigurationName = Release;
		};
/* End XCConfigurationList section */
	};
	rootObject = D3ADC6B11C7C625100F43838 /* Project object */;
}
